{
  "version": "2",
  "remote": {
    "https://cdn.skypack.dev/-/debug@v4.3.4-o4liVvMlOnQWbLSYZMXw/dist=es2019,mode=imports/optimized/debug.js": "671100993996e39b501301a87000607916d4d2d9f8fc8e9c5200ae5ba64a1389",
    "https://cdn.skypack.dev/-/ms@v2.1.2-giBDZ1IA5lmQ3ZXaa87V/dist=es2019,mode=imports/optimized/ms.js": "fd88e2d51900437011f1ad232f3393ce97db1b87a7844b3c58dd6d65562c1276",
    "https://cdn.skypack.dev/debug@4.3.4": "7b1d010cc930f71b940ba5941da055bc181115229e29de7214bdb4425c68ea76",
    "https://deno.land/std@0.176.0/_util/asserts.ts": "178dfc49a464aee693a7e285567b3d0b555dc805ff490505a8aae34f9cfb1462",
    "https://deno.land/std@0.176.0/_util/os.ts": "d932f56d41e4f6a6093d56044e29ce637f8dcc43c5a90af43504a889cf1775e3",
    "https://deno.land/std@0.176.0/async/deferred.ts": "42790112f36a75a57db4a96d33974a936deb7b04d25c6084a9fa8a49f135def8",
    "https://deno.land/std@0.176.0/bytes/bytes_list.ts": "b4cbdfd2c263a13e8a904b12d082f6177ea97d9297274a4be134e989450dfa6a",
    "https://deno.land/std@0.176.0/bytes/copy.ts": "939d89e302a9761dcf1d9c937c7711174ed74c59eef40a1e4569a05c9de88219",
    "https://deno.land/std@0.176.0/io/buffer.ts": "e2b7564f684dad625cab08f5106f33572d325705d19a36822b3272fbdfb8f726",
    "https://deno.land/std@0.176.0/path/_constants.ts": "e49961f6f4f48039c0dfed3c3f93e963ca3d92791c9d478ac5b43183413136e0",
    "https://deno.land/std@0.176.0/path/_interface.ts": "6471159dfbbc357e03882c2266d21ef9afdb1e4aa771b0545e90db58a0ba314b",
    "https://deno.land/std@0.176.0/path/_util.ts": "d7abb1e0dea065f427b89156e28cdeb32b045870acdf865833ba808a73b576d0",
    "https://deno.land/std@0.176.0/path/common.ts": "ee7505ab01fd22de3963b64e46cff31f40de34f9f8de1fff6a1bd2fe79380000",
    "https://deno.land/std@0.176.0/path/glob.ts": "d479e0a695621c94d3fd7fe7abd4f9499caf32a8de13f25073451c6ef420a4e1",
    "https://deno.land/std@0.176.0/path/mod.ts": "4b83694ac500d7d31b0cdafc927080a53dc0c3027eb2895790fb155082b0d232",
    "https://deno.land/std@0.176.0/path/posix.ts": "8b7c67ac338714b30c816079303d0285dd24af6b284f7ad63da5b27372a2c94d",
    "https://deno.land/std@0.176.0/path/separator.ts": "0fb679739d0d1d7bf45b68dacfb4ec7563597a902edbaf3c59b50d5bcadd93b1",
    "https://deno.land/std@0.176.0/path/win32.ts": "d186344e5583bcbf8b18af416d13d82b35a317116e6460a5a3953508c3de5bba",
    "https://deno.land/std@0.176.0/streams/_common.ts": "f45cba84f0d813de3326466095539602364a9ba521f804cc758f7a475cda692d",
    "https://deno.land/std@0.176.0/streams/buffer.ts": "7e7676c29e0e72f6821c3b5fede2540886a216bb91c849bb5db20bb82a01d8a1",
    "https://deno.land/std@0.176.0/streams/byte_slice_stream.ts": "cf5785b0d9223ebb51fcf6679d881dfaf614c3b288fb4577b511b6f7801a01aa",
    "https://deno.land/std@0.176.0/streams/copy.ts": "de0de21701d8cceba84ca01d9731c77f4b3597bb9de6a1b08f32250353feeae8",
    "https://deno.land/std@0.176.0/streams/delimiter_stream.ts": "178916310e8bc54e2ca74fc5a708a24c27fae339738fb3407d793c46a8b624a2",
    "https://deno.land/std@0.176.0/streams/early_zip_readable_streams.ts": "64828085be5812ec5f4896c10b59f14e5a322b2c0439be9331dde332ae9c91de",
    "https://deno.land/std@0.176.0/streams/iterate_reader.ts": "06491ed8f1bb1c619abbfa04c10b173ff95a93e51fe5037b7c1ad0b5cc01fc7d",
    "https://deno.land/std@0.176.0/streams/limited_bytes_transform_stream.ts": "3bc04143b8b91a923f5ee81a3c618b6606ac7da66ccbcde62a67aaa0375cbc71",
    "https://deno.land/std@0.176.0/streams/limited_transform_stream.ts": "b336f5d649a06e35e2692849e3682a673bb32531738443eb2ce9f57538722f75",
    "https://deno.land/std@0.176.0/streams/merge_readable_streams.ts": "5d6302888f4bb0616dafb5768771be0aec9bedc05fbae6b3d726d05ffbec5b15",
    "https://deno.land/std@0.176.0/streams/mod.ts": "c07ec010e700b9ea887dc36ca08729828bc7912f711e4054e24d33fd46282252",
    "https://deno.land/std@0.176.0/streams/read_all.ts": "bfa220b0e1d06fa4d0cb5178baba8f8b466019a7411511982bfa2320ca292815",
    "https://deno.land/std@0.176.0/streams/readable_stream_from_iterable.ts": "cae337ddafd2abc5e3df699ef2af888ac04091f12732ae658448fba2c7b187e8",
    "https://deno.land/std@0.176.0/streams/readable_stream_from_reader.ts": "9aceaeefa9e04b08f56b2d07272baedc3b6432840b66198d72fa2ada3e6608ea",
    "https://deno.land/std@0.176.0/streams/reader_from_iterable.ts": "05f7759b9336fd4c233d9daadf92aec9a7d2c07a05986da466a935cec2dd79d9",
    "https://deno.land/std@0.176.0/streams/reader_from_stream_reader.ts": "3fda9390ec8520c8a9ea2aba2579208b18880a7663d7a9feec8f193b7af14e41",
    "https://deno.land/std@0.176.0/streams/text_delimiter_stream.ts": "ee216316360366c3744197f5665a066a25e6baa8cfe836fbe9a0033e079e089e",
    "https://deno.land/std@0.176.0/streams/text_line_stream.ts": "a9dd2636c6b90e626e19df26c97034c5f638bdd957cbd5c531d6278fe1d08e90",
    "https://deno.land/std@0.176.0/streams/to_transform_stream.ts": "31c8cce967a2f602be5f164973a5c6cedd4c76e1d2fbc22ae0081b084f73fb0e",
    "https://deno.land/std@0.176.0/streams/writable_stream_from_writer.ts": "0320b759aa343f9f4f58b014fe301d9a7abcbfb8413d260502a885995e6a0776",
    "https://deno.land/std@0.176.0/streams/write_all.ts": "3b2e1ce44913f966348ce353d02fa5369e94115181037cd8b602510853ec3033",
    "https://deno.land/std@0.176.0/streams/writer_from_stream_writer.ts": "31126a6bf2e678c5a718011d4831dbe75dbdbd885965d3dbd5dd105e6f20f976",
    "https://deno.land/std@0.176.0/streams/zip_readable_streams.ts": "9eb82070d83055fe6f077192fb204dc7612695a4b330148e9aa376df1a65e708",
    "https://deno.land/std@0.176.0/types.d.ts": "220ed56662a0bd393ba5d124aa6ae2ad36a00d2fcbc0e8666a65f4606aaa9784",
    "https://deno.land/std@0.177.0/_util/asserts.ts": "178dfc49a464aee693a7e285567b3d0b555dc805ff490505a8aae34f9cfb1462",
    "https://deno.land/std@0.177.0/_util/os.ts": "d932f56d41e4f6a6093d56044e29ce637f8dcc43c5a90af43504a889cf1775e3",
    "https://deno.land/std@0.177.0/async/abortable.ts": "73acfb3ed7261ce0d930dbe89e43db8d34e017b063cf0eaa7d215477bf53442e",
    "https://deno.land/std@0.177.0/async/deadline.ts": "c5facb0b404eede83e38bd2717ea8ab34faa2ffb20ef87fd261fcba32ba307aa",
    "https://deno.land/std@0.177.0/async/debounce.ts": "adab11d04ca38d699444ac8a9d9856b4155e8dda2afd07ce78276c01ea5a4332",
    "https://deno.land/std@0.177.0/async/deferred.ts": "42790112f36a75a57db4a96d33974a936deb7b04d25c6084a9fa8a49f135def8",
    "https://deno.land/std@0.177.0/async/delay.ts": "73aa04cec034c84fc748c7be49bb15cac3dd43a57174bfdb7a4aec22c248f0dd",
    "https://deno.land/std@0.177.0/async/mod.ts": "f04344fa21738e5ad6bea37a6bfffd57c617c2d372bb9f9dcfd118a1b622e576",
    "https://deno.land/std@0.177.0/async/mux_async_iterator.ts": "70c7f2ee4e9466161350473ad61cac0b9f115cff4c552eaa7ef9d50c4cbb4cc9",
    "https://deno.land/std@0.177.0/async/pool.ts": "fd082bd4aaf26445909889435a5c74334c017847842ec035739b4ae637ae8260",
    "https://deno.land/std@0.177.0/async/retry.ts": "5efa3ba450ac0c07a40a82e2df296287b5013755d232049efd7ea2244f15b20f",
    "https://deno.land/std@0.177.0/async/tee.ts": "47e42d35f622650b02234d43803d0383a89eb4387e1b83b5a40106d18ae36757",
    "https://deno.land/std@0.177.0/bytes/index_of_needle.ts": "65c939607df609374c4415598fa4dad04a2f14c4d98cd15775216f0aaf597f24",
    "https://deno.land/std@0.177.0/crypto/timing_safe_equal.ts": "8d69ab611c67fe51b6127d97fcfb4d8e7d0e1b6b4f3e0cc4ab86744c3691f965",
    "https://deno.land/std@0.177.0/encoding/base64.ts": "7de04c2f8aeeb41453b09b186480be90f2ff357613b988e99fabb91d2eeceba1",
    "https://deno.land/std@0.177.0/encoding/base64url.ts": "3f1178f6446834457b16bfde8b559c1cd3481727fe384d3385e4a9995dc2d851",
    "https://deno.land/std@0.177.0/flags/mod.ts": "d1cdefa18472ef69858a17df5cf7c98445ed27ac10e1460183081303b0ebc270",
    "https://deno.land/std@0.177.0/node/_core.ts": "9a58c0ef98ee77e9b8fcc405511d1b37a003a705eb6a9b6e95f75434d8009adc",
    "https://deno.land/std@0.177.0/node/_events.d.ts": "1347437fd6b084d7c9a4e16b9fe7435f00b030970086482edeeb3b179d0775af",
    "https://deno.land/std@0.177.0/node/_events.mjs": "d4ba4e629abe3db9f1b14659fd5c282b7da8b2b95eaf13238eee4ebb142a2448",
    "https://deno.land/std@0.177.0/node/_global.d.ts": "2d88342f38b4083b858998e27c706725fb03a74aa14ef8d985dc18438b5188e4",
    "https://deno.land/std@0.177.0/node/_next_tick.ts": "9a3cf107d59b019a355d3cf32275b4c6157282e4b68ea85b46a799cb1d379305",
    "https://deno.land/std@0.177.0/node/_process/exiting.ts": "6e336180aaabd1192bf99ffeb0d14b689116a3dec1dfb34a2afbacd6766e98ab",
    "https://deno.land/std@0.177.0/node/_process/process.ts": "c96bb1f6253824c372f4866ee006dcefda02b7050d46759736e403f862d91051",
    "https://deno.land/std@0.177.0/node/_process/stdio.mjs": "cf17727eac8da3a665851df700b5aca6a12bacc3ebbf33e63e4b919f80ba44a6",
    "https://deno.land/std@0.177.0/node/_process/streams.mjs": "408777fba99580567f3ee82ee584ca79012cc550f8dacb8c5ec633b58cd0c1ca",
    "https://deno.land/std@0.177.0/node/_stream.d.ts": "112e1a0677cd6db932c3ce0e6e5bbdc7a2ac1874572f449044ecc82afcf5ee2e",
    "https://deno.land/std@0.177.0/node/_stream.mjs": "d6e2c86c1158ac65b4c2ca4fa019d7e84374ff12e21e2175345fe68c0823efe3",
    "https://deno.land/std@0.177.0/node/_utils.ts": "7fd55872a0cf9275e3c080a60e2fa6d45b8de9e956ebcde9053e72a344185884",
    "https://deno.land/std@0.177.0/node/buffer.ts": "85617be2063eccaf177dbb84c7580d1e32023724ed14bd9df4e453b152a26167",
    "https://deno.land/std@0.177.0/node/events.ts": "d2de352d509de11a375e2cb397d6b98f5fed4e562fc1d41be33214903a38e6b0",
    "https://deno.land/std@0.177.0/node/internal/buffer.d.ts": "bdfa991cd88cb02fd08bf8235d2618550e3e511c970b2a8f2e1a6885a2793cac",
    "https://deno.land/std@0.177.0/node/internal/buffer.mjs": "e92303a3cc6d9aaabcd270a937ad9319825d9ba08cb332650944df4562029b27",
    "https://deno.land/std@0.177.0/node/internal/crypto/_keys.ts": "8f3c3b5a141aa0331a53c205e9338655f1b3b307a08085fd6ff6dda6f7c4190b",
    "https://deno.land/std@0.177.0/node/internal/crypto/constants.ts": "544d605703053218499b08214f2e25cf4310651d535b7ab995891c4b7a217693",
    "https://deno.land/std@0.177.0/node/internal/error_codes.ts": "8495e33f448a484518d76fa3d41d34fc20fe03c14b30130ad8e936b0035d4b8b",
    "https://deno.land/std@0.177.0/node/internal/errors.ts": "1c699b8a3cb93174f697a348c004b1c6d576b66688eac8a48ebb78e65c720aae",
    "https://deno.land/std@0.177.0/node/internal/fixed_queue.ts": "62bb119afa5b5ae8fc0c7048b50502347bec82e2588017d0b250c4671d6eff8f",
    "https://deno.land/std@0.177.0/node/internal/hide_stack_frames.ts": "9dd1bad0a6e62a1042ce3a51eb1b1ecee2f246907bff44835f86e8f021de679a",
    "https://deno.land/std@0.177.0/node/internal/net.ts": "5538d31b595ac63d4b3e90393168bc65ace2f332c3317cffa2fd780070b2d86c",
    "https://deno.land/std@0.177.0/node/internal/normalize_encoding.mjs": "fd1d9df61c44d7196432f6e8244621468715131d18cc79cd299fc78ac549f707",
    "https://deno.land/std@0.177.0/node/internal/options.ts": "888f267c3fe8f18dc7b2f2fbdbe7e4a0fd3302ff3e99f5d6645601e924f3e3fb",
    "https://deno.land/std@0.177.0/node/internal/primordials.mjs": "a72d86b5aa55d3d50b8e916b6a59b7cc0dc5a31da8937114b4a113ad5aa08c74",
    "https://deno.land/std@0.177.0/node/internal/process/per_thread.mjs": "10142bbb13978c2f8f79778ad90f3a67a8ea6d8d2970f3dfc6bf2c6fff0162a2",
    "https://deno.land/std@0.177.0/node/internal/readline/callbacks.mjs": "bdb129b140c3b21b5e08cdc3d8e43517ad818ac03f75197338d665cca1cbaed3",
    "https://deno.land/std@0.177.0/node/internal/readline/utils.mjs": "c3dbf3a97c01ed14052cca3848f09e2fc24818c1822ceed57c33b9f0840f3b87",
    "https://deno.land/std@0.177.0/node/internal/streams/destroy.mjs": "b665fc71178919a34ddeac8389d162a81b4bc693ff7dc2557fa41b3a91011967",
    "https://deno.land/std@0.177.0/node/internal/streams/end-of-stream.mjs": "a4fb1c2e32d58dff440d4e716e2c4daaa403b3095304a028bb428575cfeed716",
    "https://deno.land/std@0.177.0/node/internal/streams/utils.mjs": "f2fe2e6bdc506da24c758970890cc2a21642045b129dee618bd3827c60dd9e33",
    "https://deno.land/std@0.177.0/node/internal/util.mjs": "f7fe2e1ca5e66f550ad0856b9f5ee4d666f0c071fe212ea7fc7f37cfa81f97a5",
    "https://deno.land/std@0.177.0/node/internal/util/inspect.mjs": "11d7c9cab514b8e485acc3978c74b837263ff9c08ae4537fa18ad56bae633259",
    "https://deno.land/std@0.177.0/node/internal/util/types.ts": "0e587b44ec5e017cf228589fc5ce9983b75beece6c39409c34170cfad49d6417",
    "https://deno.land/std@0.177.0/node/internal/validators.mjs": "e02f2b02dd072a5d623970292588d541204dc82207b4c58985d933a5f4b382e6",
    "https://deno.land/std@0.177.0/node/internal_binding/_libuv_winerror.ts": "30c9569603d4b97a1f1a034d88a3f74800d5ea1f12fcc3d225c9899d4e1a518b",
    "https://deno.land/std@0.177.0/node/internal_binding/_listen.ts": "c6038be47116f7755c01fd98340a0d1e8e66ef874710ab59ed3f5607d50d7a25",
    "https://deno.land/std@0.177.0/node/internal_binding/_node.ts": "cb2389b0eab121df99853eb6a5e3a684e4537e065fb8bf2cca0cbf219ce4e32e",
    "https://deno.land/std@0.177.0/node/internal_binding/_timingSafeEqual.ts": "7d9732464d3c669ff07713868ce5d25bc974a06112edbfb5f017fc3c70c0853e",
    "https://deno.land/std@0.177.0/node/internal_binding/_utils.ts": "7c58a2fbb031a204dee9583ba211cf9c67922112fe77e7f0b3226112469e9fe1",
    "https://deno.land/std@0.177.0/node/internal_binding/_winerror.ts": "3e8cfdfe22e89f13d2b28529bab35155e6b1730c0221ec5a6fc7077dc037be13",
    "https://deno.land/std@0.177.0/node/internal_binding/ares.ts": "bdd34c679265a6c115a8cfdde000656837a0a0dcdb0e4c258e622e136e9c31b8",
    "https://deno.land/std@0.177.0/node/internal_binding/async_wrap.ts": "0dc5ae64eea2c9e57ab17887ef1573922245167ffe38e3685c28d636f487f1b7",
    "https://deno.land/std@0.177.0/node/internal_binding/buffer.ts": "31729e0537921d6c730ad0afea44a7e8a0a1044d070ade8368226cb6f7390c8b",
    "https://deno.land/std@0.177.0/node/internal_binding/cares_wrap.ts": "9b7247772167f8ed56acd0244a232d9d50e8d7c9cfc379f77f3d54cecc2f32ab",
    "https://deno.land/std@0.177.0/node/internal_binding/config.ts": "37d293009d1718205bf28e878e54a9f1ca24c1c320cee2416c20dc054104c6ea",
    "https://deno.land/std@0.177.0/node/internal_binding/connection_wrap.ts": "7dd089ea46de38e4992d0f43a09b586e4cf04878fb06863c1cb8cb2ece7da521",
    "https://deno.land/std@0.177.0/node/internal_binding/constants.ts": "21ff9d1ee71d0a2086541083a7711842fc6ae25e264dbf45c73815aadce06f4c",
    "https://deno.land/std@0.177.0/node/internal_binding/contextify.ts": "37d293009d1718205bf28e878e54a9f1ca24c1c320cee2416c20dc054104c6ea",
    "https://deno.land/std@0.177.0/node/internal_binding/credentials.ts": "37d293009d1718205bf28e878e54a9f1ca24c1c320cee2416c20dc054104c6ea",
    "https://deno.land/std@0.177.0/node/internal_binding/crypto.ts": "29e8f94f283a2e7d4229d3551369c6a40c2af9737fad948cb9be56bef6c468cd",
    "https://deno.land/std@0.177.0/node/internal_binding/errors.ts": "37d293009d1718205bf28e878e54a9f1ca24c1c320cee2416c20dc054104c6ea",
    "https://deno.land/std@0.177.0/node/internal_binding/fs.ts": "37d293009d1718205bf28e878e54a9f1ca24c1c320cee2416c20dc054104c6ea",
    "https://deno.land/std@0.177.0/node/internal_binding/fs_dir.ts": "37d293009d1718205bf28e878e54a9f1ca24c1c320cee2416c20dc054104c6ea",
    "https://deno.land/std@0.177.0/node/internal_binding/fs_event_wrap.ts": "37d293009d1718205bf28e878e54a9f1ca24c1c320cee2416c20dc054104c6ea",
    "https://deno.land/std@0.177.0/node/internal_binding/handle_wrap.ts": "adf0b8063da2c54f26edd5e8ec50296a4d38e42716a70a229f14654b17a071d9",
    "https://deno.land/std@0.177.0/node/internal_binding/heap_utils.ts": "37d293009d1718205bf28e878e54a9f1ca24c1c320cee2416c20dc054104c6ea",
    "https://deno.land/std@0.177.0/node/internal_binding/http_parser.ts": "37d293009d1718205bf28e878e54a9f1ca24c1c320cee2416c20dc054104c6ea",
    "https://deno.land/std@0.177.0/node/internal_binding/icu.ts": "37d293009d1718205bf28e878e54a9f1ca24c1c320cee2416c20dc054104c6ea",
    "https://deno.land/std@0.177.0/node/internal_binding/inspector.ts": "37d293009d1718205bf28e878e54a9f1ca24c1c320cee2416c20dc054104c6ea",
    "https://deno.land/std@0.177.0/node/internal_binding/js_stream.ts": "37d293009d1718205bf28e878e54a9f1ca24c1c320cee2416c20dc054104c6ea",
    "https://deno.land/std@0.177.0/node/internal_binding/messaging.ts": "37d293009d1718205bf28e878e54a9f1ca24c1c320cee2416c20dc054104c6ea",
    "https://deno.land/std@0.177.0/node/internal_binding/mod.ts": "9fc65f7af1d35e2d3557539a558ea9ad7a9954eefafe614ad82d94bddfe25845",
    "https://deno.land/std@0.177.0/node/internal_binding/module_wrap.ts": "37d293009d1718205bf28e878e54a9f1ca24c1c320cee2416c20dc054104c6ea",
    "https://deno.land/std@0.177.0/node/internal_binding/native_module.ts": "37d293009d1718205bf28e878e54a9f1ca24c1c320cee2416c20dc054104c6ea",
    "https://deno.land/std@0.177.0/node/internal_binding/natives.ts": "37d293009d1718205bf28e878e54a9f1ca24c1c320cee2416c20dc054104c6ea",
    "https://deno.land/std@0.177.0/node/internal_binding/node_file.ts": "21edbbc95653e45514aff252b6cae7bf127a4338cbc5f090557d258aa205d8a5",
    "https://deno.land/std@0.177.0/node/internal_binding/node_options.ts": "0b5cb0bf4379a39278d7b7bb6bb2c2751baf428fe437abe5ed3e8441fae1f18b",
    "https://deno.land/std@0.177.0/node/internal_binding/options.ts": "37d293009d1718205bf28e878e54a9f1ca24c1c320cee2416c20dc054104c6ea",
    "https://deno.land/std@0.177.0/node/internal_binding/os.ts": "37d293009d1718205bf28e878e54a9f1ca24c1c320cee2416c20dc054104c6ea",
    "https://deno.land/std@0.177.0/node/internal_binding/performance.ts": "37d293009d1718205bf28e878e54a9f1ca24c1c320cee2416c20dc054104c6ea",
    "https://deno.land/std@0.177.0/node/internal_binding/pipe_wrap.ts": "30e3a63954313f9d5bbc2ac02c7f9be4b1204c493e47f6e1b9c7366994e6ea6d",
    "https://deno.land/std@0.177.0/node/internal_binding/process_methods.ts": "37d293009d1718205bf28e878e54a9f1ca24c1c320cee2416c20dc054104c6ea",
    "https://deno.land/std@0.177.0/node/internal_binding/report.ts": "37d293009d1718205bf28e878e54a9f1ca24c1c320cee2416c20dc054104c6ea",
    "https://deno.land/std@0.177.0/node/internal_binding/serdes.ts": "37d293009d1718205bf28e878e54a9f1ca24c1c320cee2416c20dc054104c6ea",
    "https://deno.land/std@0.177.0/node/internal_binding/signal_wrap.ts": "37d293009d1718205bf28e878e54a9f1ca24c1c320cee2416c20dc054104c6ea",
    "https://deno.land/std@0.177.0/node/internal_binding/spawn_sync.ts": "37d293009d1718205bf28e878e54a9f1ca24c1c320cee2416c20dc054104c6ea",
    "https://deno.land/std@0.177.0/node/internal_binding/stream_wrap.ts": "452bff74d1db280a0cd78c75a95bb6d163e849e06e9638c4af405d40296bd050",
    "https://deno.land/std@0.177.0/node/internal_binding/string_decoder.ts": "54c3c1cbd5a9254881be58bf22637965dc69535483014dab60487e299cb95445",
    "https://deno.land/std@0.177.0/node/internal_binding/symbols.ts": "4dee2f3a400d711fd57fa3430b8de1fdb011e08e260b81fef5b81cc06ed77129",
    "https://deno.land/std@0.177.0/node/internal_binding/task_queue.ts": "37d293009d1718205bf28e878e54a9f1ca24c1c320cee2416c20dc054104c6ea",
    "https://deno.land/std@0.177.0/node/internal_binding/tcp_wrap.ts": "d298d855e862fc9a5c94e13ad982fde99f6d8a56620a4772681b7226f5a15c91",
    "https://deno.land/std@0.177.0/node/internal_binding/timers.ts": "37d293009d1718205bf28e878e54a9f1ca24c1c320cee2416c20dc054104c6ea",
    "https://deno.land/std@0.177.0/node/internal_binding/tls_wrap.ts": "37d293009d1718205bf28e878e54a9f1ca24c1c320cee2416c20dc054104c6ea",
    "https://deno.land/std@0.177.0/node/internal_binding/trace_events.ts": "37d293009d1718205bf28e878e54a9f1ca24c1c320cee2416c20dc054104c6ea",
    "https://deno.land/std@0.177.0/node/internal_binding/tty_wrap.ts": "37d293009d1718205bf28e878e54a9f1ca24c1c320cee2416c20dc054104c6ea",
    "https://deno.land/std@0.177.0/node/internal_binding/types.ts": "2187595a58d2cf0134f4db6cc2a12bf777f452f52b15b6c3aed73fa072aa5fc3",
    "https://deno.land/std@0.177.0/node/internal_binding/udp_wrap.ts": "b77d7024aef1282b9fe6e1f6c8064ab8a7b9ecbae0bc08a36f2b30dcbb1d2752",
    "https://deno.land/std@0.177.0/node/internal_binding/url.ts": "37d293009d1718205bf28e878e54a9f1ca24c1c320cee2416c20dc054104c6ea",
    "https://deno.land/std@0.177.0/node/internal_binding/util.ts": "808ff3b92740284184ab824adfc420e75398c88c8bccf5111f0c24ac18c48f10",
    "https://deno.land/std@0.177.0/node/internal_binding/uv.ts": "eb0048e30af4db407fb3f95563e30d70efd6187051c033713b0a5b768593a3a3",
    "https://deno.land/std@0.177.0/node/internal_binding/v8.ts": "37d293009d1718205bf28e878e54a9f1ca24c1c320cee2416c20dc054104c6ea",
    "https://deno.land/std@0.177.0/node/internal_binding/worker.ts": "37d293009d1718205bf28e878e54a9f1ca24c1c320cee2416c20dc054104c6ea",
    "https://deno.land/std@0.177.0/node/internal_binding/zlib.ts": "37d293009d1718205bf28e878e54a9f1ca24c1c320cee2416c20dc054104c6ea",
    "https://deno.land/std@0.177.0/node/process.ts": "6608012d6d51a17a7346f36079c574b9b9f81f1b5c35436489ad089f39757466",
    "https://deno.land/std@0.177.0/node/stream.ts": "09e348302af40dcc7dc58aa5e40fdff868d11d8d6b0cfb85cbb9c75b9fe450c7",
    "https://deno.land/std@0.177.0/node/string_decoder.ts": "1a17e3572037c512cc5fc4b29076613e90f225474362d18da908cb7e5ccb7e88",
    "https://deno.land/std@0.177.0/path/_constants.ts": "e49961f6f4f48039c0dfed3c3f93e963ca3d92791c9d478ac5b43183413136e0",
    "https://deno.land/std@0.177.0/path/_interface.ts": "6471159dfbbc357e03882c2266d21ef9afdb1e4aa771b0545e90db58a0ba314b",
    "https://deno.land/std@0.177.0/path/_util.ts": "d7abb1e0dea065f427b89156e28cdeb32b045870acdf865833ba808a73b576d0",
    "https://deno.land/std@0.177.0/path/common.ts": "ee7505ab01fd22de3963b64e46cff31f40de34f9f8de1fff6a1bd2fe79380000",
    "https://deno.land/std@0.177.0/path/glob.ts": "d479e0a695621c94d3fd7fe7abd4f9499caf32a8de13f25073451c6ef420a4e1",
    "https://deno.land/std@0.177.0/path/mod.ts": "4b83694ac500d7d31b0cdafc927080a53dc0c3027eb2895790fb155082b0d232",
    "https://deno.land/std@0.177.0/path/posix.ts": "8b7c67ac338714b30c816079303d0285dd24af6b284f7ad63da5b27372a2c94d",
    "https://deno.land/std@0.177.0/path/separator.ts": "0fb679739d0d1d7bf45b68dacfb4ec7563597a902edbaf3c59b50d5bcadd93b1",
    "https://deno.land/std@0.177.0/path/win32.ts": "d186344e5583bcbf8b18af416d13d82b35a317116e6460a5a3953508c3de5bba",
    "https://deno.land/std@0.177.0/streams/write_all.ts": "3b2e1ce44913f966348ce353d02fa5369e94115181037cd8b602510853ec3033",
    "https://deno.land/std@0.177.0/types.d.ts": "220ed56662a0bd393ba5d124aa6ae2ad36a00d2fcbc0e8666a65f4606aaa9784",
    "https://deno.land/std@0.178.0/async/abortable.ts": "73acfb3ed7261ce0d930dbe89e43db8d34e017b063cf0eaa7d215477bf53442e",
    "https://deno.land/std@0.178.0/async/deadline.ts": "c5facb0b404eede83e38bd2717ea8ab34faa2ffb20ef87fd261fcba32ba307aa",
    "https://deno.land/std@0.178.0/async/debounce.ts": "adab11d04ca38d699444ac8a9d9856b4155e8dda2afd07ce78276c01ea5a4332",
    "https://deno.land/std@0.178.0/async/deferred.ts": "42790112f36a75a57db4a96d33974a936deb7b04d25c6084a9fa8a49f135def8",
    "https://deno.land/std@0.178.0/async/delay.ts": "73aa04cec034c84fc748c7be49bb15cac3dd43a57174bfdb7a4aec22c248f0dd",
    "https://deno.land/std@0.178.0/async/mod.ts": "f04344fa21738e5ad6bea37a6bfffd57c617c2d372bb9f9dcfd118a1b622e576",
    "https://deno.land/std@0.178.0/async/mux_async_iterator.ts": "70c7f2ee4e9466161350473ad61cac0b9f115cff4c552eaa7ef9d50c4cbb4cc9",
    "https://deno.land/std@0.178.0/async/pool.ts": "fd082bd4aaf26445909889435a5c74334c017847842ec035739b4ae637ae8260",
    "https://deno.land/std@0.178.0/async/retry.ts": "5efa3ba450ac0c07a40a82e2df296287b5013755d232049efd7ea2244f15b20f",
    "https://deno.land/std@0.178.0/async/tee.ts": "47e42d35f622650b02234d43803d0383a89eb4387e1b83b5a40106d18ae36757",
    "https://deno.land/std@0.178.0/collections/filter_values.ts": "5b9feaf17b9a6e5ffccdd36cf6f38fa4ffa94cff2602d381c2ad0c2a97929652",
    "https://deno.land/std@0.178.0/collections/without_all.ts": "a89f5da0b5830defed4f59666e188df411d8fece35a5f6ca69be6ca71a95c185",
    "https://deno.land/std@0.178.0/dotenv/mod.ts": "8dcbc8a40b896a0bf094582aaeadbfc76d3528872faf2efc0302beb1d2f6afd0",
    "https://deno.land/std@0.178.0/http/server.ts": "cbb17b594651215ba95c01a395700684e569c165a567e4e04bba327f41197433",
    "https://deno.land/x/grammy@v1.14.1/bot.ts": "0d964a47af531ac1ed8fa37fc5475eef29f75c36a8cb67ca2f31de1b4a72f5cd",
    "https://deno.land/x/grammy@v1.14.1/composer.ts": "1d2e164f9934466553d7f9bf9bf2fe65a1f453b7f7ce3cf57066d87382c6dac2",
    "https://deno.land/x/grammy@v1.14.1/context.ts": "93cb00858eaa52ea55e06b502780a75e0d8d93ca824918ca33101da5c847aef6",
    "https://deno.land/x/grammy@v1.14.1/convenience/frameworks.deno.ts": "b5fe4e73deb81e2b343b4a5b243f6228496b1343187e0c3da7a81a91e9ff1560",
    "https://deno.land/x/grammy@v1.14.1/convenience/frameworks.shared.ts": "a5e83cd7473dbefba94d2c27ecc92622918f4571af2cd162f7856587f9fffd5e",
    "https://deno.land/x/grammy@v1.14.1/convenience/frameworks.web.ts": "2dd0d8095c53ab7c253e842e625379393657421d87481ef6329a1c73b9a55be1",
    "https://deno.land/x/grammy@v1.14.1/convenience/keyboard.ts": "a794e8bc4b39670bf320410e6bd30fc42aed3c4e5e28d55a909300f29f3f872d",
    "https://deno.land/x/grammy@v1.14.1/convenience/session.ts": "d3f782e7669faffee197c00fde78a10a6ac6e7cd1b94a5ebefe2b7ce0d43ac1a",
    "https://deno.land/x/grammy@v1.14.1/convenience/webhook.ts": "137a11f1c924dd31f5a3f8e320f5e8aa7e764efde2147aa04f58c0103cad1643",
    "https://deno.land/x/grammy@v1.14.1/core/api.ts": "cc350c07037e84f5b2b5f73bcff6ea11abe73957624a53b9521f88c26f80d9fe",
    "https://deno.land/x/grammy@v1.14.1/core/client.ts": "8914f13b2cb69f16104a9711e4fea0a4500edd0950736dcc3ac078ab46f7a5ab",
    "https://deno.land/x/grammy@v1.14.1/core/error.ts": "4638b2127ebe60249c78b83011d468f5e1e1a87748d32fe11a8200d9f824ad13",
    "https://deno.land/x/grammy@v1.14.1/core/payload.ts": "bed2e44fb567259ee2cab70a7734544c90fae80cb937b354ee1427d0f0883b39",
    "https://deno.land/x/grammy@v1.14.1/filter.ts": "2c341f376bff726ca300e547843abcd989219cd10a05ae612844efaaa2cefe50",
    "https://deno.land/x/grammy@v1.14.1/mod.ts": "6d96b0c7b4c8b9448b9f9903a95a78c3379febd36b0f6485ad567d79b153c794",
    "https://deno.land/x/grammy@v1.14.1/platform.deno.ts": "b6bd2cd744a4d02df71a8efa553adae586d68f3bb8dce288caa6111d12169219",
    "https://deno.land/x/grammy@v1.14.1/types.deno.ts": "df687b13babd2b521ff7576c17bce63e564f0bda8284c73132a48052a31396c1",
    "https://deno.land/x/grammy@v1.14.1/types.ts": "729415590dfa188dbe924dea614dff4e976babdbabb28a307b869fc25777cdf0",
    "https://esm.sh/@apollo/client@3.7.14": "36a4e89c8fd092e2aff7e9dbe9eeaeaa95f9b051a11866c0b52b177cec5cf79f",
    "https://esm.sh/@grammyjs/types@2.12.1": "0548d80d53d35b2d62f15e85afb31d1ab32571bd33c6aaaa7b7757cc2cce5121",
    "https://esm.sh/stable/react@18.2.0/deno/react.mjs": "a5a73ee24acca4744ee22c51d9357f31968d1f684ce253bde222b4e26d09f49f",
    "https://esm.sh/v111/@grammyjs/types@2.12.1/api.d.ts": "efc90a31eb6f59ae5e7a4cf5838f46529e2fa6fa7e97a51a82dbd28afad21592",
    "https://esm.sh/v111/@grammyjs/types@2.12.1/deno/types.js": "acb44be31f2d89ab0814154c71d8907a0880a26a890fca017e2725356bbc6eae",
    "https://esm.sh/v111/@grammyjs/types@2.12.1/index.d.ts": "1c60004dec6270d9badd5ed195dbd6d4ddd00fa701acfeea922ed9f4861576a4",
    "https://esm.sh/v111/@grammyjs/types@2.12.1/inline.d.ts": "573b2790679c5c0910847a60064ae85c6f6007bfa139e3f611dd917f9c54399b",
    "https://esm.sh/v111/@grammyjs/types@2.12.1/manage.d.ts": "c8f9d21eb8de00703db08d808ca683705fcee60ca54a3d62ee7ac9fd24eb5bd2",
    "https://esm.sh/v111/@grammyjs/types@2.12.1/markup.d.ts": "c2eb6a0fe8f5e15d903bfa33f23f36ae5c9a77accc5d5656a80fe26ae9793057",
    "https://esm.sh/v111/@grammyjs/types@2.12.1/menu-button.d.ts": "096e03dadaf3af415c48c14cb91380769df01dcccbb0931575bf5f15a5df5cd7",
    "https://esm.sh/v111/@grammyjs/types@2.12.1/message.d.ts": "fb395a5ec2b130269d680788b098f32fec4ee2eeb3fa4aeead14fdb8b8095d03",
    "https://esm.sh/v111/@grammyjs/types@2.12.1/passport.d.ts": "e3fb63aec96510bcc317ef48fd25b435444b8f407502d7568c00fce15f2958fd",
    "https://esm.sh/v111/@grammyjs/types@2.12.1/payment.d.ts": "410c384a26d24252219713adeb0c360d5d038102ab9d1a6e9aad20b603830d0c",
    "https://esm.sh/v111/@grammyjs/types@2.12.1/proxied.d.ts": "f633a4e6f59f34362d5dcd94872a661f0aa46e695ba0dd2445e844b5ef03fe19",
    "https://esm.sh/v111/@grammyjs/types@2.12.1/update.d.ts": "7c4fb6534a1b401ab300f7edf49e2fe75293153fc44af14382eea0c0c02033c2",
    "https://esm.sh/v118/@types/prop-types@15.7.5/index.d.ts": "6a386ff939f180ae8ef064699d8b7b6e62bc2731a62d7fbf5e02589383838dea",
    "https://esm.sh/v118/@types/react@18.2.0/global.d.ts": "549df62b64a71004aee17685b445a8289013daf96246ce4d9b087d13d7a27a61",
    "https://esm.sh/v118/@types/react@18.2.0/index.d.ts": "b091747b1f503f434d3cac4217a13858baba87b421a7054ffdfd797da7737678",
    "https://esm.sh/v118/@types/scheduler@0.16.3/tracing.d.ts": "f5a8b384f182b3851cec3596ccc96cb7464f8d3469f48c74bf2befb782a19de5",
    "https://esm.sh/v118/csstype@3.1.2/index.d.ts": "4c68749a564a6facdf675416d75789ee5a557afda8960e0803cf6711fa569288",
    "https://esm.sh/v119/@apollo/client@3.7.14/cache/core/cache.d.ts": "6dac242146e1365a2b3f21eab0ac63cca0c9aaf48ab2ec407a7dfd7f60159295",
    "https://esm.sh/v119/@apollo/client@3.7.14/cache/core/types/Cache.d.ts": "a3fcf252d20dd95999d60582fd187d7b2152f7790da1b7387b619a92db3ebcfa",
    "https://esm.sh/v119/@apollo/client@3.7.14/cache/core/types/DataProxy.d.ts": "732713d7cdd5686877c6b0a016f16177265abd374964d83ecedfd01401f1b62b",
    "https://esm.sh/v119/@apollo/client@3.7.14/cache/core/types/common.d.ts": "47ed1d17e75025d8b8efdddc4eea7fbd5e06d77dc9e5b6af092d3da016012d27",
    "https://esm.sh/v119/@apollo/client@3.7.14/cache/index.d.ts": "654c34c2dd6c37a8c74a444855448a872994433a425eeafb77fa1b61fdefb07b",
    "https://esm.sh/v119/@apollo/client@3.7.14/cache/inmemory/entityStore.d.ts": "e6dd902ff180340fbf4e701f86f21c9cb555bcf23532bdc03b5588f9a5cf29a1",
    "https://esm.sh/v119/@apollo/client@3.7.14/cache/inmemory/fixPolyfills.d.ts": "1db6487e41ddfe1f910af9aac8e5a13e7c8717e81138cd2d35060012fe04ec66",
    "https://esm.sh/v119/@apollo/client@3.7.14/cache/inmemory/fragmentRegistry.d.ts": "ed0655cee86b916eed09519dc906d282a213a9addd9673b864b314339c5a4c96",
    "https://esm.sh/v119/@apollo/client@3.7.14/cache/inmemory/helpers.d.ts": "db4b67e196946d687e6b223d9ac8558e5a3ea1083021043dd9203484c231a354",
    "https://esm.sh/v119/@apollo/client@3.7.14/cache/inmemory/inMemoryCache.d.ts": "64af3a4906e9dfa014b92a59f7e1ca5b03bbfe8abc7626a9141f303214c9f3e1",
    "https://esm.sh/v119/@apollo/client@3.7.14/cache/inmemory/object-canon.d.ts": "b58ee60c05dc0a69f130e8b37ea578d821dccac8aaab406f191818647ee9641e",
    "https://esm.sh/v119/@apollo/client@3.7.14/cache/inmemory/policies.d.ts": "fb30eccaadad487eb3b3b8ab8d9d72e6c6c9fb0cb21bee4f334bceb2ef422520",
    "https://esm.sh/v119/@apollo/client@3.7.14/cache/inmemory/reactiveVars.d.ts": "bee0f8f121abd5dac239e2b0fbf73fff3ed5ce4384f4f0c4d3d10a2a23c7ecee",
    "https://esm.sh/v119/@apollo/client@3.7.14/cache/inmemory/readFromStore.d.ts": "41bc1a5d7a1748dcd26394cbea74ca73158eb1a398c8e32dd34958b2f106ac38",
    "https://esm.sh/v119/@apollo/client@3.7.14/cache/inmemory/types.d.ts": "1475d2133cb19be7e0a55949d65a0f1891d539fe92e0838f6c59d2c5a874116e",
    "https://esm.sh/v119/@apollo/client@3.7.14/cache/inmemory/writeToStore.d.ts": "60871eca047f2334f0b36fb175fdec1dc0dfd97aafad3801e5885e675c769629",
    "https://esm.sh/v119/@apollo/client@3.7.14/core/ApolloClient.d.ts": "5cfffd877b3d91ed7f7e3059080b2b3afd6cebf3c06b5d87512cc33824b4a290",
    "https://esm.sh/v119/@apollo/client@3.7.14/core/LocalState.d.ts": "198ed12f9cd2df9576d4f6cdb8fc0d0ce168bc047ec717a92349bfa916eff678",
    "https://esm.sh/v119/@apollo/client@3.7.14/core/ObservableQuery.d.ts": "e4c39b781febc15ac3b46098c8cce4aac37f79685e02b320ee7f59ff56678cd6",
    "https://esm.sh/v119/@apollo/client@3.7.14/core/QueryInfo.d.ts": "c68a96ff7e98b8da782efd0f802ac6f9797d863f2947665e50557241fceea7b2",
    "https://esm.sh/v119/@apollo/client@3.7.14/core/QueryManager.d.ts": "d28b393a18c7b38c85513d5e7137e9273ecebb59f5005673491c811939709bea",
    "https://esm.sh/v119/@apollo/client@3.7.14/core/index.d.ts": "f512f779aabd21734c6097a4af57d717d3b3d8a965bded8d22d019b3b833fb8f",
    "https://esm.sh/v119/@apollo/client@3.7.14/core/networkStatus.d.ts": "0ec6f37242eecb257810b6f527232bba1c9877949b5f73ebe5aa1653aae76ac0",
    "https://esm.sh/v119/@apollo/client@3.7.14/core/types.d.ts": "541726e3034fee7e654fd626fe662b21dea12c2d56a20793f55d94e57c54935f",
    "https://esm.sh/v119/@apollo/client@3.7.14/core/watchQueryOptions.d.ts": "b527c1b56aac5587247a2aa034577c9f3d3211cce25a8eef8dc22dac4036e96c",
    "https://esm.sh/v119/@apollo/client@3.7.14/deno/client.mjs": "7b12a01b07da63597a0594c7d24cf9990adb9d7e77eb52dd2159506f86c16896",
    "https://esm.sh/v119/@apollo/client@3.7.14/errors/index.d.ts": "efd6bd6e246f6abc170afaa78b19dcb2b31b21a47098aa1d1980fd13ced9f200",
    "https://esm.sh/v119/@apollo/client@3.7.14/index.d.ts": "f12b01b0c7970e2278166611cd1e068eda893970db69d17196497af53906bc04",
    "https://esm.sh/v119/@apollo/client@3.7.14/link/core/ApolloLink.d.ts": "efc5633de98d37ec8157c6e245799f022066e31a4cca3ea7fb2c006857f80e02",
    "https://esm.sh/v119/@apollo/client@3.7.14/link/core/concat.d.ts": "0e368b56ddb5096871a16d21a7d7181a13fb52a7b9d5953548fd4b8dbef7be80",
    "https://esm.sh/v119/@apollo/client@3.7.14/link/core/empty.d.ts": "69698e77734abe2e0f4fbb2604b2dd26f3cf23ddeef31ba1f4423d83095ab7c6",
    "https://esm.sh/v119/@apollo/client@3.7.14/link/core/execute.d.ts": "e42d5936dce860753274f2884a382af42313bed5717a79bf697428d815e659f3",
    "https://esm.sh/v119/@apollo/client@3.7.14/link/core/from.d.ts": "604ae81c2e5ecce27da778c507a6f5ef5d3fd2389a28a2f7e9f33f367ade936a",
    "https://esm.sh/v119/@apollo/client@3.7.14/link/core/index.d.ts": "96969a81acc7db4ceb357bf4f7d2a9321ceaa20271fbd093dc5dda33c4bb2ae6",
    "https://esm.sh/v119/@apollo/client@3.7.14/link/core/split.d.ts": "cd6fd22e9e6e61a27559c1a577eb4add12efce455360a5bb0bd8cd2ddc46b489",
    "https://esm.sh/v119/@apollo/client@3.7.14/link/core/types.d.ts": "71a6581ccc95e30f23a699a3cdff0a78a54874f7ead007d3bb35d6a44cda9465",
    "https://esm.sh/v119/@apollo/client@3.7.14/link/http/HttpLink.d.ts": "0ec58ffc57cbe2d93f6442de0483ccf70a998c9aa044dce80a5c3e1400a5abb3",
    "https://esm.sh/v119/@apollo/client@3.7.14/link/http/checkFetcher.d.ts": "560b41017cb727c9f80ebbdd346332025f2c64639f3fdfcd29950fb87f8d6495",
    "https://esm.sh/v119/@apollo/client@3.7.14/link/http/createHttpLink.d.ts": "0583b305d3c802ccdda3b33e2c1f874a168ff932e67e3b82213d983f06dc3ff7",
    "https://esm.sh/v119/@apollo/client@3.7.14/link/http/createSignalIfSupported.d.ts": "5210e748351fc4e57b5d3b8c123aaaae002046cc9ae3f8c24d92f933c7cc7d07",
    "https://esm.sh/v119/@apollo/client@3.7.14/link/http/index.d.ts": "7e507684e2b15ca4024ba6ac04d7859dbfa71cd3efc7ea780550d0ec3e14a6f3",
    "https://esm.sh/v119/@apollo/client@3.7.14/link/http/parseAndCheckHttpResponse.d.ts": "52f3034da0388a7a5938c7ff816aa877538fafd1eab4b2b1ff4813336dc2b564",
    "https://esm.sh/v119/@apollo/client@3.7.14/link/http/rewriteURIForGET.d.ts": "e208870a901cad69c586c346d767fbd6a7f7bb10643a3e850b1a0be8885fe7a6",
    "https://esm.sh/v119/@apollo/client@3.7.14/link/http/selectHttpOptionsAndBody.d.ts": "22455c65fd42d899aa5395a7d256700ab82bc6c724abe139b1722c26a5ed8342",
    "https://esm.sh/v119/@apollo/client@3.7.14/link/http/selectURI.d.ts": "8812046ab6e2cfe4e51bddb98f7f3d281bfec1f34ca8aa977f9255968028816b",
    "https://esm.sh/v119/@apollo/client@3.7.14/link/http/serializeFetchParameter.d.ts": "67b26cc37e2071f5354a6a1e2031e3b12af8689e04ffc167f5ed07df4a7cdb1f",
    "https://esm.sh/v119/@apollo/client@3.7.14/link/utils/createOperation.d.ts": "552e0787db846bfa6d5b860f3c63aa97bbde822c9f17603189684886294f68ed",
    "https://esm.sh/v119/@apollo/client@3.7.14/link/utils/fromError.d.ts": "a14c15ccc03760670cfcdc067094e99d552dab62f1b73b6c41aa0b54a6fcbffd",
    "https://esm.sh/v119/@apollo/client@3.7.14/link/utils/fromPromise.d.ts": "930c08873b8d375cb42ca9e5c0c7e2feb9589a83720192e4823ebe0fb87941d3",
    "https://esm.sh/v119/@apollo/client@3.7.14/link/utils/index.d.ts": "a86fc3e3fb873e9d1d1f02ae42b469afb530c8131031e601fc327320f74be99a",
    "https://esm.sh/v119/@apollo/client@3.7.14/link/utils/throwServerError.d.ts": "07dd5a0d4847e7b710d50de17e8125cb85054a51620abfbc4c8ef51906c77d83",
    "https://esm.sh/v119/@apollo/client@3.7.14/link/utils/toPromise.d.ts": "4057bd6e3e229a5b8f84a39a6be9cfa69c7089465c8e952c716f248f37669904",
    "https://esm.sh/v119/@apollo/client@3.7.14/link/utils/transformOperation.d.ts": "c0d6f4dda2b9bd1bb8d83e69aa48e5273700bf338c3f8b8abe7b720b7b144a4a",
    "https://esm.sh/v119/@apollo/client@3.7.14/link/utils/validateOperation.d.ts": "055cae218c92337e79f8569f4965895cdf1e6e71fa49d8c1b25bf53ce40ec1b0",
    "https://esm.sh/v119/@apollo/client@3.7.14/react/context/ApolloConsumer.d.ts": "46bef4cbf3df5de27259de6512f01db6177099e8fb2eabf33b0e51c8fb252d8c",
    "https://esm.sh/v119/@apollo/client@3.7.14/react/context/ApolloContext.d.ts": "9d1f1984186e9dd76b03975ba0c2fc4fa11f1e97f134da8f3f3edaf7ac988582",
    "https://esm.sh/v119/@apollo/client@3.7.14/react/context/ApolloProvider.d.ts": "e8bf37b98fefe607fdef27900387e5083cf81c6fa48b4658f36efc01e20d6e74",
    "https://esm.sh/v119/@apollo/client@3.7.14/react/context/index.d.ts": "c723ed6e125351e3a8394a4524e640e09ef7cfca143c711d8997f074a081c119",
    "https://esm.sh/v119/@apollo/client@3.7.14/react/hooks/index.d.ts": "d2dd3ee28ff891fd45cc81a765aabd24c0360b750b19ea391ff56a883c8c861d",
    "https://esm.sh/v119/@apollo/client@3.7.14/react/hooks/useApolloClient.d.ts": "3178e1ed15f9878f1313954902674a38c25964495a8f8a4232398ad84b3df25f",
    "https://esm.sh/v119/@apollo/client@3.7.14/react/hooks/useFragment.d.ts": "f8b6b747ed0a2c703b9376664af02eeca04e510cdb000c90763160d478c32d13",
    "https://esm.sh/v119/@apollo/client@3.7.14/react/hooks/useLazyQuery.d.ts": "bb9da5f69cc86bf2862beeb0ce62fccabcb52f04f4fe95187ca7596a22ab45e8",
    "https://esm.sh/v119/@apollo/client@3.7.14/react/hooks/useMutation.d.ts": "c87e6b71ea35db445af5860beb864ffb1b7fc38082e06238f7588d0a98109863",
    "https://esm.sh/v119/@apollo/client@3.7.14/react/hooks/useQuery.d.ts": "2d9b014f649263848bf301c843955f4047fa5ec3e9783f087af2fa58f7eae859",
    "https://esm.sh/v119/@apollo/client@3.7.14/react/hooks/useReactiveVar.d.ts": "db1f1148c70ee371250c28cee193f1547bbdd8f318ebe69fd1c0d65c307b782e",
    "https://esm.sh/v119/@apollo/client@3.7.14/react/hooks/useSubscription.d.ts": "850a95595313aca1596b766ef8036eb0a035b5aeef76930002b2bf27d6218277",
    "https://esm.sh/v119/@apollo/client@3.7.14/react/index.d.ts": "bd79e36b4a084e91ec0fc9a0b66ddf669d52392f1ff033e5dd457dbd9730a53e",
    "https://esm.sh/v119/@apollo/client@3.7.14/react/parser/index.d.ts": "44e188cfce801d8cf62963d88112001954a0271ab649036dcf51c57c84d43183",
    "https://esm.sh/v119/@apollo/client@3.7.14/react/ssr/RenderPromises.d.ts": "4353ed6e681f542c2222983566f2166136f3357d6281e43632dbe2dcbcdb82d6",
    "https://esm.sh/v119/@apollo/client@3.7.14/react/ssr/getDataFromTree.d.ts": "459a680336828c717dd83978f1bb617252c77762fc877cd528f758f5c1645b79",
    "https://esm.sh/v119/@apollo/client@3.7.14/react/ssr/index.d.ts": "366859e5a600d0e8818e77d0a6063eeed55ba3fb9aa545bd57ff7708d3914789",
    "https://esm.sh/v119/@apollo/client@3.7.14/react/ssr/renderToStringWithData.d.ts": "fbbccbb191bb22d9f9cc24af25e2d5f17642765a14163d4019219efe8e2f6247",
    "https://esm.sh/v119/@apollo/client@3.7.14/react/types/types.d.ts": "3a84296b57a2464e86837ed5eb6ca803bb5990be7a902e8c7691c54fa77df36f",
    "https://esm.sh/v119/@apollo/client@3.7.14/utilities/common/arrays.d.ts": "4af0e3517eebe6ba70174149781bf5b95d2328f325db7dc2042e381d195f8674",
    "https://esm.sh/v119/@apollo/client@3.7.14/utilities/common/canUse.d.ts": "aa4011017518b603c49047abe015c73f67c30a67228c9e02d85fd4e67efe6e68",
    "https://esm.sh/v119/@apollo/client@3.7.14/utilities/common/cloneDeep.d.ts": "2b04fef2768baf94552541afec5db5bcb857735a9e2e68ec445009f57dd817a6",
    "https://esm.sh/v119/@apollo/client@3.7.14/utilities/common/compact.d.ts": "fe9f0ff6804939988c4ea833d146ed11f2c7288aa3d6671def9e07724971291e",
    "https://esm.sh/v119/@apollo/client@3.7.14/utilities/common/errorHandling.d.ts": "813b0b3e5146b38cbbad4d2ca84e89db02f575db3733ccf1667098f2333ba41e",
    "https://esm.sh/v119/@apollo/client@3.7.14/utilities/common/makeUniqueId.d.ts": "da679a2f991a91154a7d9fc86ebb34655d5d81ffd56b4abfa4500b082fc10abd",
    "https://esm.sh/v119/@apollo/client@3.7.14/utilities/common/maybeDeepFreeze.d.ts": "11cff104a1bb215d8c30e8a93da8ff6b8fdd1d6193a0bfa9591712232313fd7a",
    "https://esm.sh/v119/@apollo/client@3.7.14/utilities/common/mergeDeep.d.ts": "80262c5a190e9b5786c92fe24069c6a1e6a818bc1c87b48c0b275159585924db",
    "https://esm.sh/v119/@apollo/client@3.7.14/utilities/common/mergeOptions.d.ts": "7f02f0d6b48143ec74b4cc01a26aaee51a90dca4553f7870279b3d5d4bd2f8b0",
    "https://esm.sh/v119/@apollo/client@3.7.14/utilities/common/objects.d.ts": "7a2685ceffe107630633748c32fdfebaed709c09a269b1082d6e99de2c2de600",
    "https://esm.sh/v119/@apollo/client@3.7.14/utilities/common/stringifyForDisplay.d.ts": "608c26a038d7dfa722ade50cba539e590dd17e2c0bc9ce3ba93aefe59cdf570c",
    "https://esm.sh/v119/@apollo/client@3.7.14/utilities/globals/DEV.d.ts": "d108e87f3e4be7ef28c82b9e1a60f24dadb75eb5215be3324a2f9d66bf542250",
    "https://esm.sh/v119/@apollo/client@3.7.14/utilities/globals/global.d.ts": "e068a546571bcc049c25c2459838f7c40178d0c00aa83460bb5e952e9fadcecc",
    "https://esm.sh/v119/@apollo/client@3.7.14/utilities/globals/index.d.ts": "2a2f70a4c37d9bf9f17829e7a20c055559496760e31ba0b37fb40f96ab15c6e5",
    "https://esm.sh/v119/@apollo/client@3.7.14/utilities/globals/maybe.d.ts": "28da429b00d6d06a0166c123f50666f10e59e16fa05fc90a62f851df1a40ed91",
    "https://esm.sh/v119/@apollo/client@3.7.14/utilities/graphql/directives.d.ts": "dcf00e447590da7a4f5a37440e0cb8fc6e49ac25993a98a16769ec6676b46f9f",
    "https://esm.sh/v119/@apollo/client@3.7.14/utilities/graphql/fragments.d.ts": "46c9d6d0f3a16af41f76518c89f4b128985d152956e63c2f5a18a8a277db2880",
    "https://esm.sh/v119/@apollo/client@3.7.14/utilities/graphql/getFromAST.d.ts": "d6c126dfe9605bb65348757fb388483a4933fcb1a472b25fcc36bce799f5eecb",
    "https://esm.sh/v119/@apollo/client@3.7.14/utilities/graphql/storeUtils.d.ts": "52c2c869a674b314f7e43a1e951caf07422764f04229a2d4216772a7bb1fca0b",
    "https://esm.sh/v119/@apollo/client@3.7.14/utilities/graphql/transform.d.ts": "08930466987a91c1d684db45f2ddc0a9d45b55694d01db65fb47ec6a86582f8d",
    "https://esm.sh/v119/@apollo/client@3.7.14/utilities/index.d.ts": "565a4b00734785589fc6b49dd37f7e7ea05892b1f90c6986db89d5fe9efc0699",
    "https://esm.sh/v119/@apollo/client@3.7.14/utilities/observables/Concast.d.ts": "d6155e1e210fc46d65150bdf77e913416aed296f54bebbe66f94cdcdc7a61b84",
    "https://esm.sh/v119/@apollo/client@3.7.14/utilities/observables/Observable.d.ts": "d0ae4d9d1927828d83647725236d6188a3126722390cebf9d21ec0602ede31c1",
    "https://esm.sh/v119/@apollo/client@3.7.14/utilities/observables/asyncMap.d.ts": "b7593123496af2239c8e9cc95ec8c0efb8d68f7f8b0365cf506a81f63aa167f6",
    "https://esm.sh/v119/@apollo/client@3.7.14/utilities/observables/iteration.d.ts": "2ce10a95a69839f016efdbe63adaa90b7281e407b87672667c71133b9bee7485",
    "https://esm.sh/v119/@apollo/client@3.7.14/utilities/observables/subclassing.d.ts": "b1697a953859413a5778fd51c63aa17ef10a7d3d9b85a0a4e90df756309344d3",
    "https://esm.sh/v119/@apollo/client@3.7.14/utilities/policies/pagination.d.ts": "8756b8cbafea67924c18042bbdec7aa339c1ca4b3823e0d18b51def8fe7a5d76",
    "https://esm.sh/v119/@apollo/client@3.7.14/utilities/types/IsStrictlyAny.d.ts": "e056910c54d4fd94face51d3c92761532a9635f10269777d350f6274f12445b3",
    "https://esm.sh/v119/@graphql-typed-document-node/core@3.2.0/typings/index.d.ts": "ec176db3fb177a76b3b443eb893a0f0f0dbe6e9e08f54135ee9ee7cb17c383f6",
    "https://esm.sh/v119/@wry/context@0.7.0/deno/context.mjs": "de53f3092b8c28f3c834a1daf61fb6e789e4a9abfc0e09dbbb86de97fa241064",
    "https://esm.sh/v119/@wry/equality@0.5.3/deno/equality.mjs": "601938b4ca301c2e723dab2a4d045ac5151b55923cca1f1a3fa94f7ad6e4d119",
    "https://esm.sh/v119/@wry/trie@0.3.2/deno/trie.mjs": "ab28dd7777beecd28af239a490556b86c407f130142df0a032478b9ecf19ca01",
    "https://esm.sh/v119/@wry/trie@0.3.2/lib/trie.d.ts": "7cafa7beeb4be0520638fa3137ef105a3193674bb513ffeb4371fab6842b5d20",
    "https://esm.sh/v119/graphql-tag@2.12.6/deno/graphql-tag.mjs": "47a485e21458e35c62ead135a8d3c57b5327b11f2120bbfc88e2e8a5932d8fff",
    "https://esm.sh/v119/graphql-tag@2.12.6/lib/index.d.ts": "6be19369cfee8d134ebdee8a8b28755885bf1a0baf48e9fb3a1af6ce6527d550",
    "https://esm.sh/v119/graphql@16.6.0/deno/graphql.mjs": "5e54f46af6c52828f03aa13f12c0647d1848cd1a98de636e3c31b6b24f21a768",
    "https://esm.sh/v119/optimism@0.16.2/deno/optimism.mjs": "b0447bd4d21d8f93671519cbd78c24ece3f67b640297edb0978cb6f9f8439403",
    "https://esm.sh/v119/symbol-observable@4.0.0/deno/symbol-observable.mjs": "0e9dc7f7c38e68c7cebc73ed19e4c571667ae92572674ae0b9818dca3f1e4e31",
    "https://esm.sh/v119/symbol-observable@4.0.0/index.d.ts": "db06f4cdf70e3689f0cd5a96a6836f34024ad61e8dd01473560ebbcae09c532b",
    "https://esm.sh/v119/ts-invariant@0.10.3/deno/process/index.js": "e52c48678449f695d48128e37796518a4becab309f6d0cee7b2f67d48d1b09b9",
    "https://esm.sh/v119/ts-invariant@0.10.3/deno/ts-invariant.mjs": "cbc9f9138a34fc37e58707199ce30c896554e6d60136fadd045552113dda01c0",
    "https://esm.sh/v119/ts-invariant@0.10.3/lib/invariant.d.ts": "200a7b7eb3163da4327412c650e43fbe66c73604a23a694f95ede53c250bfc3b",
    "https://esm.sh/v119/tslib@2.5.0/deno/tslib.mjs": "f04d5fa38e02562a349111a358c5c13e5d16ee8d072c3a4348e313e344da53e0",
    "https://esm.sh/v119/zen-observable-ts@1.2.5/deno/zen-observable-ts.mjs": "58246c1af8b292fccc7397f8377bf2dd1141b678e2ab7eb4e8220633c3e9653a",
    "https://esm.sh/v119/zen-observable-ts@1.2.5/module.d.ts": "9b51dd74a388c13e157c457cc39d59dc2aae2134f6a21cc6b695219932cb8817"
  }
}
